PODS:
  - RZViewActions (0.4.0)

DEPENDENCIES:
  - RZViewActions

SPEC REPOS:
  https://github.com/cocoapods/specs.git:
    - RZViewActions

SPEC CHECKSUMS:
  RZViewActions: 31c231845e6a7dd8a0c7cd463203e509635cc06b

PODFILE CHECKSUM: 3cf222d4f6088b8108b0fd49566a1d550a0a321d

COCOAPODS: 1.6.0.beta.2
