// !$*UTF8*$!
{
	archiveVersion = 1;
	classes = {
	};
	objectVersion = 50;
	objects = {

/* Begin PBXBuildFile section */
		527157B651948B89F9FFDDD7 /* Pods_WeatherAppTests.framework in Frameworks */ = {isa = PBXBuildFile; fileRef = AFD50A74C5784AA42CB5246E /* Pods_WeatherAppTests.framework */; };
		9D10BC4F21B91252001A2E7C /* WeatherAppModel.m in Sources */ = {isa = PBXBuildFile; fileRef = 9D10BC4D21B91252001A2E7C /* WeatherAppModel.m */; };
		9D20C386232EE62B007FF9A3 /* WeatherForecastSlideView.m in Sources */ = {isa = PBXBuildFile; fileRef = 9D20C385232EE62B007FF9A3 /* WeatherForecastSlideView.m */; };
		9D20C388232EE63F007FF9A3 /* WeatherForecastSlideView.xib in Resources */ = {isa = PBXBuildFile; fileRef = 9D20C387232EE63F007FF9A3 /* WeatherForecastSlideView.xib */; };
		9D20C38B232EE8F7007FF9A3 /* WeatherForecastSlotView.m in Sources */ = {isa = PBXBuildFile; fileRef = 9D20C38A232EE8F7007FF9A3 /* WeatherForecastSlotView.m */; };
		9D20C38D232EE905007FF9A3 /* WeatherForecastSlotView.xib in Resources */ = {isa = PBXBuildFile; fileRef = 9D20C38C232EE905007FF9A3 /* WeatherForecastSlotView.xib */; };
		9D4F8D7D21B14838007254A5 /* AnimatedBackground.m in Sources */ = {isa = PBXBuildFile; fileRef = 9D4F8D7C21B14838007254A5 /* AnimatedBackground.m */; };
		9D503A4D232295E600954139 /* WeatherPageViewController.m in Sources */ = {isa = PBXBuildFile; fileRef = 9D503A4C232295E600954139 /* WeatherPageViewController.m */; };
		9D50920B21A71A45005A30AB /* AppDelegate.m in Sources */ = {isa = PBXBuildFile; fileRef = 9D50920A21A71A45005A30AB /* AppDelegate.m */; };
		9D50920E21A71A45005A30AB /* WeatherViewController.m in Sources */ = {isa = PBXBuildFile; fileRef = 9D50920D21A71A45005A30AB /* WeatherViewController.m */; };
		9D50921121A71A45005A30AB /* Main.storyboard in Resources */ = {isa = PBXBuildFile; fileRef = 9D50920F21A71A45005A30AB /* Main.storyboard */; };
		9D50921321A71A47005A30AB /* Assets.xcassets in Resources */ = {isa = PBXBuildFile; fileRef = 9D50921221A71A47005A30AB /* Assets.xcassets */; };
		9D50921621A71A47005A30AB /* LaunchScreen.storyboard in Resources */ = {isa = PBXBuildFile; fileRef = 9D50921421A71A47005A30AB /* LaunchScreen.storyboard */; };
		9D50921921A71A47005A30AB /* main.m in Sources */ = {isa = PBXBuildFile; fileRef = 9D50921821A71A47005A30AB /* main.m */; };
		9D50922321A71A47005A30AB /* WeatherAppTests.m in Sources */ = {isa = PBXBuildFile; fileRef = 9D50922221A71A47005A30AB /* WeatherAppTests.m */; };
		9D50922E21A71A47005A30AB /* WeatherAppUITests.m in Sources */ = {isa = PBXBuildFile; fileRef = 9D50922D21A71A47005A30AB /* WeatherAppUITests.m */; };
		9D50923D21A71D3E005A30AB /* libsqlite3.tbd in Frameworks */ = {isa = PBXBuildFile; fileRef = 9D50923C21A71D3E005A30AB /* libsqlite3.tbd */; };
		9D50923F21A71D46005A30AB /* Foundation.framework in Frameworks */ = {isa = PBXBuildFile; fileRef = 9D50923E21A71D46005A30AB /* Foundation.framework */; };
		9D50924121A71D50005A30AB /* UIKit.framework in Frameworks */ = {isa = PBXBuildFile; fileRef = 9D50924021A71D50005A30AB /* UIKit.framework */; };
		9D50924521A71D9B005A30AB /* SQLManager.m in Sources */ = {isa = PBXBuildFile; fileRef = 9D50924421A71D9B005A30AB /* SQLManager.m */; };
		9D50924A21A72601005A30AB /* DBManager.m in Sources */ = {isa = PBXBuildFile; fileRef = 9D50924921A72601005A30AB /* DBManager.m */; };
		9D7ACE3D21B18DF4005EA339 /* BackgroundLayer.m in Sources */ = {isa = PBXBuildFile; fileRef = 9D7ACE3C21B18DF4005EA339 /* BackgroundLayer.m */; };
		9D8A845123B163D700456394 /* UIView+WeatherViewCategory.m in Sources */ = {isa = PBXBuildFile; fileRef = 9D8A845023B163D700456394 /* UIView+WeatherViewCategory.m */; };
		9D8A845423B1661500456394 /* WeatherView.m in Sources */ = {isa = PBXBuildFile; fileRef = 9D8A845323B1661500456394 /* WeatherView.m */; };
		9DA5702821B5969100CF6FC3 /* WeatherBackgroundPresets.m in Sources */ = {isa = PBXBuildFile; fileRef = 9DA5702721B5969100CF6FC3 /* WeatherBackgroundPresets.m */; };
		9DD95E6A21A8A9AF006CF255 /* WeatherData.m in Sources */ = {isa = PBXBuildFile; fileRef = 9DD95E6921A8A9AF006CF255 /* WeatherData.m */; };
		9DD95E6D21A8CFB0006CF255 /* WeatherDB.sql in Resources */ = {isa = PBXBuildFile; fileRef = 9DD95E6C21A8CFB0006CF255 /* WeatherDB.sql */; };
		9DE4165E21B4673200B09DB0 /* WeatherHeaderView.xib in Resources */ = {isa = PBXBuildFile; fileRef = 9DE4165D21B4673200B09DB0 /* WeatherHeaderView.xib */; };
		9DE4166121B48A9B00B09DB0 /* WeatherHeaderView.m in Sources */ = {isa = PBXBuildFile; fileRef = 9DE4166021B48A9B00B09DB0 /* WeatherHeaderView.m */; };
		9DF46F2B2328F4080002553B /* NSValue+AnimBackgroundData.m in Sources */ = {isa = PBXBuildFile; fileRef = 9DF46F2A2328F4080002553B /* NSValue+AnimBackgroundData.m */; };
		9DF4AC1A21A9EE4E006A0BBF /* CurrentWeather.m in Sources */ = {isa = PBXBuildFile; fileRef = 9DF4AC1921A9EE4E006A0BBF /* CurrentWeather.m */; };
		9DF4AC2021A9F471006A0BBF /* CityWeather.m in Sources */ = {isa = PBXBuildFile; fileRef = 9DF4AC1F21A9F471006A0BBF /* CityWeather.m */; };
		9DF4AC2621AA23AE006A0BBF /* ForecastWeather.m in Sources */ = {isa = PBXBuildFile; fileRef = 9DF4AC2521AA23AE006A0BBF /* ForecastWeather.m */; };
		9DFDC4332322E64F00F1D09D /* WeatherAverageView.xib in Resources */ = {isa = PBXBuildFile; fileRef = 9DFDC4322322E64F00F1D09D /* WeatherAverageView.xib */; };
		9DFDC4362322E91A00F1D09D /* WeatherAverageView.m in Sources */ = {isa = PBXBuildFile; fileRef = 9DFDC4352322E91A00F1D09D /* WeatherAverageView.m */; };
		B519E34BBF04E1864D66F1E2 /* Pods_WeatherApp.framework in Frameworks */ = {isa = PBXBuildFile; fileRef = BC727E748DC98D38C793A4BD /* Pods_WeatherApp.framework */; };
		F39E6C53AD4D1020F8243FDD /* Pods_WeatherAppUITests.framework in Frameworks */ = {isa = PBXBuildFile; fileRef = E849A464322DE0769A8F0435 /* Pods_WeatherAppUITests.framework */; };
/* End PBXBuildFile section */

/* Begin PBXContainerItemProxy section */
		9D50921F21A71A47005A30AB /* PBXContainerItemProxy */ = {
			isa = PBXContainerItemProxy;
			containerPortal = 9D5091FE21A71A45005A30AB /* Project object */;
			proxyType = 1;
			remoteGlobalIDString = 9D50920521A71A45005A30AB;
			remoteInfo = WeatherApp;
		};
		9D50922A21A71A47005A30AB /* PBXContainerItemProxy */ = {
			isa = PBXContainerItemProxy;
			containerPortal = 9D5091FE21A71A45005A30AB /* Project object */;
			proxyType = 1;
			remoteGlobalIDString = 9D50920521A71A45005A30AB;
			remoteInfo = WeatherApp;
		};
/* End PBXContainerItemProxy section */

/* Begin PBXFileReference section */
		39B5B90D7256A2FC70845286 /* Pods-WeatherAppTests.release.xcconfig */ = {isa = PBXFileReference; includeInIndex = 1; lastKnownFileType = text.xcconfig; name = "Pods-WeatherAppTests.release.xcconfig"; path = "Target Support Files/Pods-WeatherAppTests/Pods-WeatherAppTests.release.xcconfig"; sourceTree = "<group>"; };
		3B014E44616D1D20413DC49B /* Pods-WeatherAppUITests.release.xcconfig */ = {isa = PBXFileReference; includeInIndex = 1; lastKnownFileType = text.xcconfig; name = "Pods-WeatherAppUITests.release.xcconfig"; path = "Target Support Files/Pods-WeatherAppUITests/Pods-WeatherAppUITests.release.xcconfig"; sourceTree = "<group>"; };
		6AB9369E747F17F5AE44D15B /* Pods-WeatherAppUITests.debug.xcconfig */ = {isa = PBXFileReference; includeInIndex = 1; lastKnownFileType = text.xcconfig; name = "Pods-WeatherAppUITests.debug.xcconfig"; path = "Target Support Files/Pods-WeatherAppUITests/Pods-WeatherAppUITests.debug.xcconfig"; sourceTree = "<group>"; };
		839F89C0A3FF42B49C53F30D /* Pods-WeatherApp.debug.xcconfig */ = {isa = PBXFileReference; includeInIndex = 1; lastKnownFileType = text.xcconfig; name = "Pods-WeatherApp.debug.xcconfig"; path = "Target Support Files/Pods-WeatherApp/Pods-WeatherApp.debug.xcconfig"; sourceTree = "<group>"; };
		9D10BC4721B91229001A2E7C /* Base */ = {isa = PBXFileReference; lastKnownFileType = file.storyboard; name = Base; path = Base.lproj/Main.storyboard; sourceTree = "<group>"; };
		9D10BC4821B91229001A2E7C /* Base */ = {isa = PBXFileReference; lastKnownFileType = file.storyboard; name = Base; path = Base.lproj/LaunchScreen.storyboard; sourceTree = "<group>"; };
		9D10BC4C21B91252001A2E7C /* WeatherAppModel.h */ = {isa = PBXFileReference; fileEncoding = 4; lastKnownFileType = sourcecode.c.h; path = WeatherAppModel.h; sourceTree = "<group>"; };
		9D10BC4D21B91252001A2E7C /* WeatherAppModel.m */ = {isa = PBXFileReference; fileEncoding = 4; lastKnownFileType = sourcecode.c.objc; path = WeatherAppModel.m; sourceTree = "<group>"; };
		9D10BC5021B91269001A2E7C /* it */ = {isa = PBXFileReference; lastKnownFileType = text.plist.strings; name = it; path = it.lproj/Main.strings; sourceTree = "<group>"; };
		9D10BC5121B91269001A2E7C /* it */ = {isa = PBXFileReference; lastKnownFileType = text.plist.strings; name = it; path = it.lproj/LaunchScreen.strings; sourceTree = "<group>"; };
		9D20C383232EE467007FF9A3 /* WeatherViewProtocol.h */ = {isa = PBXFileReference; lastKnownFileType = sourcecode.c.h; path = WeatherViewProtocol.h; sourceTree = "<group>"; };
		9D20C384232EE62B007FF9A3 /* WeatherForecastSlideView.h */ = {isa = PBXFileReference; lastKnownFileType = sourcecode.c.h; path = WeatherForecastSlideView.h; sourceTree = "<group>"; };
		9D20C385232EE62B007FF9A3 /* WeatherForecastSlideView.m */ = {isa = PBXFileReference; lastKnownFileType = sourcecode.c.objc; path = WeatherForecastSlideView.m; sourceTree = "<group>"; };
		9D20C387232EE63F007FF9A3 /* WeatherForecastSlideView.xib */ = {isa = PBXFileReference; lastKnownFileType = file.xib; path = WeatherForecastSlideView.xib; sourceTree = "<group>"; };
		9D20C389232EE8F7007FF9A3 /* WeatherForecastSlotView.h */ = {isa = PBXFileReference; lastKnownFileType = sourcecode.c.h; path = WeatherForecastSlotView.h; sourceTree = "<group>"; };
		9D20C38A232EE8F7007FF9A3 /* WeatherForecastSlotView.m */ = {isa = PBXFileReference; lastKnownFileType = sourcecode.c.objc; path = WeatherForecastSlotView.m; sourceTree = "<group>"; };
		9D20C38C232EE905007FF9A3 /* WeatherForecastSlotView.xib */ = {isa = PBXFileReference; lastKnownFileType = file.xib; path = WeatherForecastSlotView.xib; sourceTree = "<group>"; };
		9D4F8D7B21B14838007254A5 /* AnimatedBackground.h */ = {isa = PBXFileReference; lastKnownFileType = sourcecode.c.h; path = AnimatedBackground.h; sourceTree = "<group>"; };
		9D4F8D7C21B14838007254A5 /* AnimatedBackground.m */ = {isa = PBXFileReference; lastKnownFileType = sourcecode.c.objc; path = AnimatedBackground.m; sourceTree = "<group>"; };
		9D4F8D8121B14D7C007254A5 /* WeatherViewDelegate.h */ = {isa = PBXFileReference; lastKnownFileType = sourcecode.c.h; path = WeatherViewDelegate.h; sourceTree = "<group>"; };
		9D503A4B232295E600954139 /* WeatherPageViewController.h */ = {isa = PBXFileReference; lastKnownFileType = sourcecode.c.h; path = WeatherPageViewController.h; sourceTree = "<group>"; };
		9D503A4C232295E600954139 /* WeatherPageViewController.m */ = {isa = PBXFileReference; lastKnownFileType = sourcecode.c.objc; path = WeatherPageViewController.m; sourceTree = "<group>"; };
		9D50920621A71A45005A30AB /* WeatherApp.app */ = {isa = PBXFileReference; explicitFileType = wrapper.application; includeInIndex = 0; path = WeatherApp.app; sourceTree = BUILT_PRODUCTS_DIR; };
		9D50920921A71A45005A30AB /* AppDelegate.h */ = {isa = PBXFileReference; lastKnownFileType = sourcecode.c.h; path = AppDelegate.h; sourceTree = "<group>"; };
		9D50920A21A71A45005A30AB /* AppDelegate.m */ = {isa = PBXFileReference; lastKnownFileType = sourcecode.c.objc; path = AppDelegate.m; sourceTree = "<group>"; };
		9D50920C21A71A45005A30AB /* WeatherViewController.h */ = {isa = PBXFileReference; lastKnownFileType = sourcecode.c.h; path = WeatherViewController.h; sourceTree = "<group>"; };
		9D50920D21A71A45005A30AB /* WeatherViewController.m */ = {isa = PBXFileReference; lastKnownFileType = sourcecode.c.objc; path = WeatherViewController.m; sourceTree = "<group>"; };
		9D50921221A71A47005A30AB /* Assets.xcassets */ = {isa = PBXFileReference; lastKnownFileType = folder.assetcatalog; path = Assets.xcassets; sourceTree = "<group>"; };
		9D50921721A71A47005A30AB /* Info.plist */ = {isa = PBXFileReference; lastKnownFileType = text.plist.xml; path = Info.plist; sourceTree = "<group>"; };
		9D50921821A71A47005A30AB /* main.m */ = {isa = PBXFileReference; lastKnownFileType = sourcecode.c.objc; path = main.m; sourceTree = "<group>"; };
		9D50921E21A71A47005A30AB /* WeatherAppTests.xctest */ = {isa = PBXFileReference; explicitFileType = wrapper.cfbundle; includeInIndex = 0; path = WeatherAppTests.xctest; sourceTree = BUILT_PRODUCTS_DIR; };
		9D50922221A71A47005A30AB /* WeatherAppTests.m */ = {isa = PBXFileReference; lastKnownFileType = sourcecode.c.objc; path = WeatherAppTests.m; sourceTree = "<group>"; };
		9D50922421A71A47005A30AB /* Info.plist */ = {isa = PBXFileReference; lastKnownFileType = text.plist.xml; path = Info.plist; sourceTree = "<group>"; };
		9D50922921A71A47005A30AB /* WeatherAppUITests.xctest */ = {isa = PBXFileReference; explicitFileType = wrapper.cfbundle; includeInIndex = 0; path = WeatherAppUITests.xctest; sourceTree = BUILT_PRODUCTS_DIR; };
		9D50922D21A71A47005A30AB /* WeatherAppUITests.m */ = {isa = PBXFileReference; lastKnownFileType = sourcecode.c.objc; path = WeatherAppUITests.m; sourceTree = "<group>"; };
		9D50922F21A71A47005A30AB /* Info.plist */ = {isa = PBXFileReference; lastKnownFileType = text.plist.xml; path = Info.plist; sourceTree = "<group>"; };
		9D50923C21A71D3E005A30AB /* libsqlite3.tbd */ = {isa = PBXFileReference; lastKnownFileType = "sourcecode.text-based-dylib-definition"; name = libsqlite3.tbd; path = usr/lib/libsqlite3.tbd; sourceTree = SDKROOT; };
		9D50923E21A71D46005A30AB /* Foundation.framework */ = {isa = PBXFileReference; lastKnownFileType = wrapper.framework; name = Foundation.framework; path = System/Library/Frameworks/Foundation.framework; sourceTree = SDKROOT; };
		9D50924021A71D50005A30AB /* UIKit.framework */ = {isa = PBXFileReference; lastKnownFileType = wrapper.framework; name = UIKit.framework; path = System/Library/Frameworks/UIKit.framework; sourceTree = SDKROOT; };
		9D50924321A71D9B005A30AB /* SQLManager.h */ = {isa = PBXFileReference; lastKnownFileType = sourcecode.c.h; path = SQLManager.h; sourceTree = "<group>"; };
		9D50924421A71D9B005A30AB /* SQLManager.m */ = {isa = PBXFileReference; lastKnownFileType = sourcecode.c.objc; path = SQLManager.m; sourceTree = "<group>"; };
		9D50924821A72601005A30AB /* DBManager.h */ = {isa = PBXFileReference; lastKnownFileType = sourcecode.c.h; path = DBManager.h; sourceTree = "<group>"; };
		9D50924921A72601005A30AB /* DBManager.m */ = {isa = PBXFileReference; lastKnownFileType = sourcecode.c.objc; path = DBManager.m; sourceTree = "<group>"; };
		9D5B222823294A4D004E268C /* WeatherModelDelegate.h */ = {isa = PBXFileReference; lastKnownFileType = sourcecode.c.h; path = WeatherModelDelegate.h; sourceTree = "<group>"; };
		9D7ACE3C21B18DF4005EA339 /* BackgroundLayer.m */ = {isa = PBXFileReference; lastKnownFileType = sourcecode.c.objc; path = BackgroundLayer.m; sourceTree = "<group>"; };
		9D8A844F23B163D700456394 /* UIView+WeatherViewCategory.h */ = {isa = PBXFileReference; lastKnownFileType = sourcecode.c.h; path = "UIView+WeatherViewCategory.h"; sourceTree = "<group>"; };
		9D8A845023B163D700456394 /* UIView+WeatherViewCategory.m */ = {isa = PBXFileReference; lastKnownFileType = sourcecode.c.objc; path = "UIView+WeatherViewCategory.m"; sourceTree = "<group>"; };
		9D8A845223B1661500456394 /* WeatherView.h */ = {isa = PBXFileReference; lastKnownFileType = sourcecode.c.h; path = WeatherView.h; sourceTree = "<group>"; };
		9D8A845323B1661500456394 /* WeatherView.m */ = {isa = PBXFileReference; lastKnownFileType = sourcecode.c.objc; path = WeatherView.m; sourceTree = "<group>"; };
		9D8E0D8221B1845200D2FD2B /* BackgroundLayer.h */ = {isa = PBXFileReference; lastKnownFileType = sourcecode.c.h; path = BackgroundLayer.h; sourceTree = "<group>"; };
		9DA5702621B5969100CF6FC3 /* WeatherBackgroundPresets.h */ = {isa = PBXFileReference; lastKnownFileType = sourcecode.c.h; path = WeatherBackgroundPresets.h; sourceTree = "<group>"; };
		9DA5702721B5969100CF6FC3 /* WeatherBackgroundPresets.m */ = {isa = PBXFileReference; lastKnownFileType = sourcecode.c.objc; path = WeatherBackgroundPresets.m; sourceTree = "<group>"; };
		9DD95E6821A8A9AF006CF255 /* WeatherData.h */ = {isa = PBXFileReference; lastKnownFileType = sourcecode.c.h; path = WeatherData.h; sourceTree = "<group>"; };
		9DD95E6921A8A9AF006CF255 /* WeatherData.m */ = {isa = PBXFileReference; lastKnownFileType = sourcecode.c.objc; path = WeatherData.m; sourceTree = "<group>"; };
		9DD95E6C21A8CFB0006CF255 /* WeatherDB.sql */ = {isa = PBXFileReference; lastKnownFileType = file; path = WeatherDB.sql; sourceTree = "<group>"; };
		9DE4165D21B4673200B09DB0 /* WeatherHeaderView.xib */ = {isa = PBXFileReference; lastKnownFileType = file.xib; path = WeatherHeaderView.xib; sourceTree = "<group>"; };
		9DE4165F21B48A9B00B09DB0 /* WeatherHeaderView.h */ = {isa = PBXFileReference; lastKnownFileType = sourcecode.c.h; path = WeatherHeaderView.h; sourceTree = "<group>"; };
		9DE4166021B48A9B00B09DB0 /* WeatherHeaderView.m */ = {isa = PBXFileReference; lastKnownFileType = sourcecode.c.objc; path = WeatherHeaderView.m; sourceTree = "<group>"; };
		9DF46F292328F4080002553B /* NSValue+AnimBackgroundData.h */ = {isa = PBXFileReference; lastKnownFileType = sourcecode.c.h; path = "NSValue+AnimBackgroundData.h"; sourceTree = "<group>"; };
		9DF46F2A2328F4080002553B /* NSValue+AnimBackgroundData.m */ = {isa = PBXFileReference; lastKnownFileType = sourcecode.c.objc; path = "NSValue+AnimBackgroundData.m"; sourceTree = "<group>"; };
		9DF4AC1821A9EE4E006A0BBF /* CurrentWeather.h */ = {isa = PBXFileReference; lastKnownFileType = sourcecode.c.h; path = CurrentWeather.h; sourceTree = "<group>"; };
		9DF4AC1921A9EE4E006A0BBF /* CurrentWeather.m */ = {isa = PBXFileReference; lastKnownFileType = sourcecode.c.objc; path = CurrentWeather.m; sourceTree = "<group>"; };
		9DF4AC1E21A9F471006A0BBF /* CityWeather.h */ = {isa = PBXFileReference; fileEncoding = 4; lastKnownFileType = sourcecode.c.h; path = CityWeather.h; sourceTree = "<group>"; };
		9DF4AC1F21A9F471006A0BBF /* CityWeather.m */ = {isa = PBXFileReference; fileEncoding = 4; lastKnownFileType = sourcecode.c.objc; path = CityWeather.m; sourceTree = "<group>"; };
		9DF4AC2421AA23AE006A0BBF /* ForecastWeather.h */ = {isa = PBXFileReference; lastKnownFileType = sourcecode.c.h; path = ForecastWeather.h; sourceTree = "<group>"; };
		9DF4AC2521AA23AE006A0BBF /* ForecastWeather.m */ = {isa = PBXFileReference; lastKnownFileType = sourcecode.c.objc; path = ForecastWeather.m; sourceTree = "<group>"; };
		9DFDC4322322E64F00F1D09D /* WeatherAverageView.xib */ = {isa = PBXFileReference; lastKnownFileType = file.xib; path = WeatherAverageView.xib; sourceTree = "<group>"; };
		9DFDC4342322E91A00F1D09D /* WeatherAverageView.h */ = {isa = PBXFileReference; lastKnownFileType = sourcecode.c.h; path = WeatherAverageView.h; sourceTree = "<group>"; };
		9DFDC4352322E91A00F1D09D /* WeatherAverageView.m */ = {isa = PBXFileReference; lastKnownFileType = sourcecode.c.objc; path = WeatherAverageView.m; sourceTree = "<group>"; };
		AFD50A74C5784AA42CB5246E /* Pods_WeatherAppTests.framework */ = {isa = PBXFileReference; explicitFileType = wrapper.framework; includeInIndex = 0; path = Pods_WeatherAppTests.framework; sourceTree = BUILT_PRODUCTS_DIR; };
		BB98A39F3E063F8E4A36008A /* Pods-WeatherApp.release.xcconfig */ = {isa = PBXFileReference; includeInIndex = 1; lastKnownFileType = text.xcconfig; name = "Pods-WeatherApp.release.xcconfig"; path = "Target Support Files/Pods-WeatherApp/Pods-WeatherApp.release.xcconfig"; sourceTree = "<group>"; };
		BC727E748DC98D38C793A4BD /* Pods_WeatherApp.framework */ = {isa = PBXFileReference; explicitFileType = wrapper.framework; includeInIndex = 0; path = Pods_WeatherApp.framework; sourceTree = BUILT_PRODUCTS_DIR; };
		E849A464322DE0769A8F0435 /* Pods_WeatherAppUITests.framework */ = {isa = PBXFileReference; explicitFileType = wrapper.framework; includeInIndex = 0; path = Pods_WeatherAppUITests.framework; sourceTree = BUILT_PRODUCTS_DIR; };
		FBAFC281B5D60597D047ACEB /* Pods-WeatherAppTests.debug.xcconfig */ = {isa = PBXFileReference; includeInIndex = 1; lastKnownFileType = text.xcconfig; name = "Pods-WeatherAppTests.debug.xcconfig"; path = "Target Support Files/Pods-WeatherAppTests/Pods-WeatherAppTests.debug.xcconfig"; sourceTree = "<group>"; };
/* End PBXFileReference section */

/* Begin PBXFrameworksBuildPhase section */
		9D50920321A71A45005A30AB /* Frameworks */ = {
			isa = PBXFrameworksBuildPhase;
			buildActionMask = 2147483647;
			files = (
				9D50924121A71D50005A30AB /* UIKit.framework in Frameworks */,
				9D50923F21A71D46005A30AB /* Foundation.framework in Frameworks */,
				9D50923D21A71D3E005A30AB /* libsqlite3.tbd in Frameworks */,
				B519E34BBF04E1864D66F1E2 /* Pods_WeatherApp.framework in Frameworks */,
			);
			runOnlyForDeploymentPostprocessing = 0;
		};
		9D50921B21A71A47005A30AB /* Frameworks */ = {
			isa = PBXFrameworksBuildPhase;
			buildActionMask = 2147483647;
			files = (
				527157B651948B89F9FFDDD7 /* Pods_WeatherAppTests.framework in Frameworks */,
			);
			runOnlyForDeploymentPostprocessing = 0;
		};
		9D50922621A71A47005A30AB /* Frameworks */ = {
			isa = PBXFrameworksBuildPhase;
			buildActionMask = 2147483647;
			files = (
				F39E6C53AD4D1020F8243FDD /* Pods_WeatherAppUITests.framework in Frameworks */,
			);
			runOnlyForDeploymentPostprocessing = 0;
		};
/* End PBXFrameworksBuildPhase section */

/* Begin PBXGroup section */
		92CAEFED81928A533CD1453A /* Pods */ = {
			isa = PBXGroup;
			children = (
				839F89C0A3FF42B49C53F30D /* Pods-WeatherApp.debug.xcconfig */,
				BB98A39F3E063F8E4A36008A /* Pods-WeatherApp.release.xcconfig */,
				FBAFC281B5D60597D047ACEB /* Pods-WeatherAppTests.debug.xcconfig */,
				39B5B90D7256A2FC70845286 /* Pods-WeatherAppTests.release.xcconfig */,
				6AB9369E747F17F5AE44D15B /* Pods-WeatherAppUITests.debug.xcconfig */,
				3B014E44616D1D20413DC49B /* Pods-WeatherAppUITests.release.xcconfig */,
			);
			path = Pods;
			sourceTree = "<group>";
		};
		9D10BC4921B91252001A2E7C /* Model */ = {
			isa = PBXGroup;
			children = (
				9DD95E6721A8A993006CF255 /* WeatherData */,
				9D10BC4C21B91252001A2E7C /* WeatherAppModel.h */,
				9D10BC4D21B91252001A2E7C /* WeatherAppModel.m */,
			);
			path = Model;
			sourceTree = "<group>";
		};
		9D492BFA23291E0D0006F83C /* Delegates */ = {
			isa = PBXGroup;
			children = (
				9D4F8D8121B14D7C007254A5 /* WeatherViewDelegate.h */,
			);
			path = Delegates;
			sourceTree = "<group>";
		};
		9D4F8D7A21B14809007254A5 /* Graphics */ = {
			isa = PBXGroup;
			children = (
				9D4F8D7B21B14838007254A5 /* AnimatedBackground.h */,
				9D4F8D7C21B14838007254A5 /* AnimatedBackground.m */,
				9D8E0D8221B1845200D2FD2B /* BackgroundLayer.h */,
				9D7ACE3C21B18DF4005EA339 /* BackgroundLayer.m */,
				9DA5702621B5969100CF6FC3 /* WeatherBackgroundPresets.h */,
				9DA5702721B5969100CF6FC3 /* WeatherBackgroundPresets.m */,
				9DF46F292328F4080002553B /* NSValue+AnimBackgroundData.h */,
				9DF46F2A2328F4080002553B /* NSValue+AnimBackgroundData.m */,
			);
			path = Graphics;
			sourceTree = "<group>";
		};
		9D4F8D7F21B14D52007254A5 /* WeatherController */ = {
			isa = PBXGroup;
			children = (
				9D492BFA23291E0D0006F83C /* Delegates */,
				9DFDC4312322E59900F1D09D /* Views */,
				9D50920C21A71A45005A30AB /* WeatherViewController.h */,
				9D50920D21A71A45005A30AB /* WeatherViewController.m */,
				9D503A4B232295E600954139 /* WeatherPageViewController.h */,
				9D503A4C232295E600954139 /* WeatherPageViewController.m */,
			);
			path = WeatherController;
			sourceTree = "<group>";
		};
		9D5091FD21A71A45005A30AB = {
			isa = PBXGroup;
			children = (
				9D10BC4921B91252001A2E7C /* Model */,
				9D50924221A71D6F005A30AB /* Database */,
				9D50920821A71A45005A30AB /* WeatherApp */,
				9D50922121A71A47005A30AB /* WeatherAppTests */,
				9D50922C21A71A47005A30AB /* WeatherAppUITests */,
				9D50920721A71A45005A30AB /* Products */,
				9D50923B21A71D3D005A30AB /* Frameworks */,
				92CAEFED81928A533CD1453A /* Pods */,
			);
			sourceTree = "<group>";
		};
		9D50920721A71A45005A30AB /* Products */ = {
			isa = PBXGroup;
			children = (
				9D50920621A71A45005A30AB /* WeatherApp.app */,
				9D50921E21A71A47005A30AB /* WeatherAppTests.xctest */,
				9D50922921A71A47005A30AB /* WeatherAppUITests.xctest */,
			);
			name = Products;
			sourceTree = "<group>";
		};
		9D50920821A71A45005A30AB /* WeatherApp */ = {
			isa = PBXGroup;
			children = (
				9D8A844823B1621100456394 /* BaseClasses */,
				9D4F8D7A21B14809007254A5 /* Graphics */,
				9D7ACE3E21B1C88A005EA339 /* Appdelegate */,
				9D4F8D7F21B14D52007254A5 /* WeatherController */,
				9D50920F21A71A45005A30AB /* Main.storyboard */,
				9D50921221A71A47005A30AB /* Assets.xcassets */,
				9D50921421A71A47005A30AB /* LaunchScreen.storyboard */,
				9D50921721A71A47005A30AB /* Info.plist */,
				9D50921821A71A47005A30AB /* main.m */,
			);
			path = WeatherApp;
			sourceTree = "<group>";
		};
		9D50922121A71A47005A30AB /* WeatherAppTests */ = {
			isa = PBXGroup;
			children = (
				9D50922221A71A47005A30AB /* WeatherAppTests.m */,
				9D50922421A71A47005A30AB /* Info.plist */,
			);
			path = WeatherAppTests;
			sourceTree = "<group>";
		};
		9D50922C21A71A47005A30AB /* WeatherAppUITests */ = {
			isa = PBXGroup;
			children = (
				9D50922D21A71A47005A30AB /* WeatherAppUITests.m */,
				9D50922F21A71A47005A30AB /* Info.plist */,
			);
			path = WeatherAppUITests;
			sourceTree = "<group>";
		};
		9D50923B21A71D3D005A30AB /* Frameworks */ = {
			isa = PBXGroup;
			children = (
				9D50924021A71D50005A30AB /* UIKit.framework */,
				9D50923E21A71D46005A30AB /* Foundation.framework */,
				9D50923C21A71D3E005A30AB /* libsqlite3.tbd */,
				BC727E748DC98D38C793A4BD /* Pods_WeatherApp.framework */,
				AFD50A74C5784AA42CB5246E /* Pods_WeatherAppTests.framework */,
				E849A464322DE0769A8F0435 /* Pods_WeatherAppUITests.framework */,
			);
			name = Frameworks;
			sourceTree = "<group>";
		};
		9D50924221A71D6F005A30AB /* Database */ = {
			isa = PBXGroup;
			children = (
				9DD95E6C21A8CFB0006CF255 /* WeatherDB.sql */,
				9D50924321A71D9B005A30AB /* SQLManager.h */,
				9D50924421A71D9B005A30AB /* SQLManager.m */,
				9D50924821A72601005A30AB /* DBManager.h */,
				9D50924921A72601005A30AB /* DBManager.m */,
			);
			path = Database;
			sourceTree = "<group>";
		};
		9D5B222723294A0D004E268C /* Delegates */ = {
			isa = PBXGroup;
			children = (
				9D5B222823294A4D004E268C /* WeatherModelDelegate.h */,
			);
			path = Delegates;
			sourceTree = "<group>";
		};
		9D7ACE3E21B1C88A005EA339 /* Appdelegate */ = {
			isa = PBXGroup;
			children = (
				9D50920921A71A45005A30AB /* AppDelegate.h */,
				9D50920A21A71A45005A30AB /* AppDelegate.m */,
			);
			path = Appdelegate;
			sourceTree = "<group>";
		};
		9D8A844823B1621100456394 /* BaseClasses */ = {
			isa = PBXGroup;
			children = (
				9D20C383232EE467007FF9A3 /* WeatherViewProtocol.h */,
				9D8A844F23B163D700456394 /* UIView+WeatherViewCategory.h */,
				9D8A845023B163D700456394 /* UIView+WeatherViewCategory.m */,
				9D8A845223B1661500456394 /* WeatherView.h */,
				9D8A845323B1661500456394 /* WeatherView.m */,
			);
			path = BaseClasses;
			sourceTree = "<group>";
		};
		9DD95E6721A8A993006CF255 /* WeatherData */ = {
			isa = PBXGroup;
			children = (
				9D5B222723294A0D004E268C /* Delegates */,
				9DF4AC1E21A9F471006A0BBF /* CityWeather.h */,
				9DF4AC1F21A9F471006A0BBF /* CityWeather.m */,
				9DD95E6821A8A9AF006CF255 /* WeatherData.h */,
				9DD95E6921A8A9AF006CF255 /* WeatherData.m */,
				9DF4AC1821A9EE4E006A0BBF /* CurrentWeather.h */,
				9DF4AC1921A9EE4E006A0BBF /* CurrentWeather.m */,
				9DF4AC2421AA23AE006A0BBF /* ForecastWeather.h */,
				9DF4AC2521AA23AE006A0BBF /* ForecastWeather.m */,
			);
			path = WeatherData;
			sourceTree = "<group>";
		};
		9DFDC4312322E59900F1D09D /* Views */ = {
			isa = PBXGroup;
			children = (
				9DFDC4342322E91A00F1D09D /* WeatherAverageView.h */,
				9DFDC4352322E91A00F1D09D /* WeatherAverageView.m */,
				9DFDC4322322E64F00F1D09D /* WeatherAverageView.xib */,
				9D20C384232EE62B007FF9A3 /* WeatherForecastSlideView.h */,
				9D20C385232EE62B007FF9A3 /* WeatherForecastSlideView.m */,
				9D20C387232EE63F007FF9A3 /* WeatherForecastSlideView.xib */,
				9DE4165F21B48A9B00B09DB0 /* WeatherHeaderView.h */,
				9DE4166021B48A9B00B09DB0 /* WeatherHeaderView.m */,
				9DE4165D21B4673200B09DB0 /* WeatherHeaderView.xib */,
				9D20C389232EE8F7007FF9A3 /* WeatherForecastSlotView.h */,
				9D20C38A232EE8F7007FF9A3 /* WeatherForecastSlotView.m */,
				9D20C38C232EE905007FF9A3 /* WeatherForecastSlotView.xib */,
			);
			path = Views;
			sourceTree = "<group>";
		};
/* End PBXGroup section */

/* Begin PBXNativeTarget section */
		9D50920521A71A45005A30AB /* WeatherApp */ = {
			isa = PBXNativeTarget;
			buildConfigurationList = 9D50923221A71A47005A30AB /* Build configuration list for PBXNativeTarget "WeatherApp" */;
			buildPhases = (
				568666C5F55D456940AC005F /* [CP] Check Pods Manifest.lock */,
				9D50920221A71A45005A30AB /* Sources */,
				9D50920321A71A45005A30AB /* Frameworks */,
				9D50920421A71A45005A30AB /* Resources */,
				8DBB7E7CBE9A8F748E8769A2 /* [CP] Embed Pods Frameworks */,
			);
			buildRules = (
			);
			dependencies = (
			);
			name = WeatherApp;
			productName = WeatherApp;
			productReference = 9D50920621A71A45005A30AB /* WeatherApp.app */;
			productType = "com.apple.product-type.application";
		};
		9D50921D21A71A47005A30AB /* WeatherAppTests */ = {
			isa = PBXNativeTarget;
			buildConfigurationList = 9D50923521A71A47005A30AB /* Build configuration list for PBXNativeTarget "WeatherAppTests" */;
			buildPhases = (
				F041C0923001968BBA80AF80 /* [CP] Check Pods Manifest.lock */,
				9D50921A21A71A47005A30AB /* Sources */,
				9D50921B21A71A47005A30AB /* Frameworks */,
				9D50921C21A71A47005A30AB /* Resources */,
			);
			buildRules = (
			);
			dependencies = (
				9D50922021A71A47005A30AB /* PBXTargetDependency */,
			);
			name = WeatherAppTests;
			productName = WeatherAppTests;
			productReference = 9D50921E21A71A47005A30AB /* WeatherAppTests.xctest */;
			productType = "com.apple.product-type.bundle.unit-test";
		};
		9D50922821A71A47005A30AB /* WeatherAppUITests */ = {
			isa = PBXNativeTarget;
			buildConfigurationList = 9D50923821A71A47005A30AB /* Build configuration list for PBXNativeTarget "WeatherAppUITests" */;
			buildPhases = (
				BBC2FEC498B00980A5B59538 /* [CP] Check Pods Manifest.lock */,
				9D50922521A71A47005A30AB /* Sources */,
				9D50922621A71A47005A30AB /* Frameworks */,
				9D50922721A71A47005A30AB /* Resources */,
			);
			buildRules = (
			);
			dependencies = (
				9D50922B21A71A47005A30AB /* PBXTargetDependency */,
			);
			name = WeatherAppUITests;
			productName = WeatherAppUITests;
			productReference = 9D50922921A71A47005A30AB /* WeatherAppUITests.xctest */;
			productType = "com.apple.product-type.bundle.ui-testing";
		};
/* End PBXNativeTarget section */

/* Begin PBXProject section */
		9D5091FE21A71A45005A30AB /* Project object */ = {
			isa = PBXProject;
			attributes = {
				LastUpgradeCheck = 1010;
				ORGANIZATIONNAME = "Luca Faggion";
				TargetAttributes = {
					9D50920521A71A45005A30AB = {
						CreatedOnToolsVersion = 10.1;
					};
					9D50921D21A71A47005A30AB = {
						CreatedOnToolsVersion = 10.1;
						TestTargetID = 9D50920521A71A45005A30AB;
					};
					9D50922821A71A47005A30AB = {
						CreatedOnToolsVersion = 10.1;
						TestTargetID = 9D50920521A71A45005A30AB;
					};
				};
			};
			buildConfigurationList = 9D50920121A71A45005A30AB /* Build configuration list for PBXProject "WeatherApp" */;
			compatibilityVersion = "Xcode 9.3";
			developmentRegion = en;
			hasScannedForEncodings = 0;
			knownRegions = (
				en,
				Base,
			);
			mainGroup = 9D5091FD21A71A45005A30AB;
			productRefGroup = 9D50920721A71A45005A30AB /* Products */;
			projectDirPath = "";
			projectRoot = "";
			targets = (
				9D50920521A71A45005A30AB /* WeatherApp */,
				9D50921D21A71A47005A30AB /* WeatherAppTests */,
				9D50922821A71A47005A30AB /* WeatherAppUITests */,
			);
		};
/* End PBXProject section */

/* Begin PBXResourcesBuildPhase section */
		9D50920421A71A45005A30AB /* Resources */ = {
			isa = PBXResourcesBuildPhase;
			buildActionMask = 2147483647;
			files = (
				9D20C38D232EE905007FF9A3 /* WeatherForecastSlotView.xib in Resources */,
				9D50921621A71A47005A30AB /* LaunchScreen.storyboard in Resources */,
				9DE4165E21B4673200B09DB0 /* WeatherHeaderView.xib in Resources */,
				9DD95E6D21A8CFB0006CF255 /* WeatherDB.sql in Resources */,
				9D50921321A71A47005A30AB /* Assets.xcassets in Resources */,
				9D20C388232EE63F007FF9A3 /* WeatherForecastSlideView.xib in Resources */,
				9DFDC4332322E64F00F1D09D /* WeatherAverageView.xib in Resources */,
				9D50921121A71A45005A30AB /* Main.storyboard in Resources */,
			);
			runOnlyForDeploymentPostprocessing = 0;
		};
		9D50921C21A71A47005A30AB /* Resources */ = {
			isa = PBXResourcesBuildPhase;
			buildActionMask = 2147483647;
			files = (
			);
			runOnlyForDeploymentPostprocessing = 0;
		};
		9D50922721A71A47005A30AB /* Resources */ = {
			isa = PBXResourcesBuildPhase;
			buildActionMask = 2147483647;
			files = (
			);
			runOnlyForDeploymentPostprocessing = 0;
		};
/* End PBXResourcesBuildPhase section */

/* Begin PBXShellScriptBuildPhase section */
		568666C5F55D456940AC005F /* [CP] Check Pods Manifest.lock */ = {
			isa = PBXShellScriptBuildPhase;
			buildActionMask = 2147483647;
			files = (
			);
			inputFileListPaths = (
			);
			inputPaths = (
				"${PODS_PODFILE_DIR_PATH}/Podfile.lock",
				"${PODS_ROOT}/Manifest.lock",
			);
			name = "[CP] Check Pods Manifest.lock";
			outputFileListPaths = (
			);
			outputPaths = (
				"$(DERIVED_FILE_DIR)/Pods-WeatherApp-checkManifestLockResult.txt",
			);
			runOnlyForDeploymentPostprocessing = 0;
			shellPath = /bin/sh;
			shellScript = "diff \"${PODS_PODFILE_DIR_PATH}/Podfile.lock\" \"${PODS_ROOT}/Manifest.lock\" > /dev/null\nif [ $? != 0 ] ; then\n    # print error to STDERR\n    echo \"error: The sandbox is not in sync with the Podfile.lock. Run 'pod install' or update your CocoaPods installation.\" >&2\n    exit 1\nfi\n# This output is used by Xcode 'outputs' to avoid re-running this script phase.\necho \"SUCCESS\" > \"${SCRIPT_OUTPUT_FILE_0}\"\n";
			showEnvVarsInLog = 0;
		};
		8DBB7E7CBE9A8F748E8769A2 /* [CP] Embed Pods Frameworks */ = {
			isa = PBXShellScriptBuildPhase;
			buildActionMask = 2147483647;
			files = (
			);
			inputFileListPaths = (
			);
			inputPaths = (
				"${PODS_ROOT}/Target Support Files/Pods-WeatherApp/Pods-WeatherApp-frameworks.sh",
				"${BUILT_PRODUCTS_DIR}/RZViewActions/RZViewActions.framework",
			);
			name = "[CP] Embed Pods Frameworks";
			outputFileListPaths = (
			);
			outputPaths = (
				"${TARGET_BUILD_DIR}/${FRAMEWORKS_FOLDER_PATH}/RZViewActions.framework",
			);
			runOnlyForDeploymentPostprocessing = 0;
			shellPath = /bin/sh;
			shellScript = "\"${PODS_ROOT}/Target Support Files/Pods-WeatherApp/Pods-WeatherApp-frameworks.sh\"\n";
			showEnvVarsInLog = 0;
		};
		BBC2FEC498B00980A5B59538 /* [CP] Check Pods Manifest.lock */ = {
			isa = PBXShellScriptBuildPhase;
			buildActionMask = 2147483647;
			files = (
			);
			inputFileListPaths = (
			);
			inputPaths = (
				"${PODS_PODFILE_DIR_PATH}/Podfile.lock",
				"${PODS_ROOT}/Manifest.lock",
			);
			name = "[CP] Check Pods Manifest.lock";
			outputFileListPaths = (
			);
			outputPaths = (
				"$(DERIVED_FILE_DIR)/Pods-WeatherAppUITests-checkManifestLockResult.txt",
			);
			runOnlyForDeploymentPostprocessing = 0;
			shellPath = /bin/sh;
			shellScript = "diff \"${PODS_PODFILE_DIR_PATH}/Podfile.lock\" \"${PODS_ROOT}/Manifest.lock\" > /dev/null\nif [ $? != 0 ] ; then\n    # print error to STDERR\n    echo \"error: The sandbox is not in sync with the Podfile.lock. Run 'pod install' or update your CocoaPods installation.\" >&2\n    exit 1\nfi\n# This output is used by Xcode 'outputs' to avoid re-running this script phase.\necho \"SUCCESS\" > \"${SCRIPT_OUTPUT_FILE_0}\"\n";
			showEnvVarsInLog = 0;
		};
		F041C0923001968BBA80AF80 /* [CP] Check Pods Manifest.lock */ = {
			isa = PBXShellScriptBuildPhase;
			buildActionMask = 2147483647;
			files = (
			);
			inputFileListPaths = (
			);
			inputPaths = (
				"${PODS_PODFILE_DIR_PATH}/Podfile.lock",
				"${PODS_ROOT}/Manifest.lock",
			);
			name = "[CP] Check Pods Manifest.lock";
			outputFileListPaths = (
			);
			outputPaths = (
				"$(DERIVED_FILE_DIR)/Pods-WeatherAppTests-checkManifestLockResult.txt",
			);
			runOnlyForDeploymentPostprocessing = 0;
			shellPath = /bin/sh;
			shellScript = "diff \"${PODS_PODFILE_DIR_PATH}/Podfile.lock\" \"${PODS_ROOT}/Manifest.lock\" > /dev/null\nif [ $? != 0 ] ; then\n    # print error to STDERR\n    echo \"error: The sandbox is not in sync with the Podfile.lock. Run 'pod install' or update your CocoaPods installation.\" >&2\n    exit 1\nfi\n# This output is used by Xcode 'outputs' to avoid re-running this script phase.\necho \"SUCCESS\" > \"${SCRIPT_OUTPUT_FILE_0}\"\n";
			showEnvVarsInLog = 0;
		};
/* End PBXShellScriptBuildPhase section */

/* Begin PBXSourcesBuildPhase section */
		9D50920221A71A45005A30AB /* Sources */ = {
			isa = PBXSourcesBuildPhase;
			buildActionMask = 2147483647;
			files = (
				9D20C386232EE62B007FF9A3 /* WeatherForecastSlideView.m in Sources */,
				9D7ACE3D21B18DF4005EA339 /* BackgroundLayer.m in Sources */,
				9DF4AC2621AA23AE006A0BBF /* ForecastWeather.m in Sources */,
				9D20C38B232EE8F7007FF9A3 /* WeatherForecastSlotView.m in Sources */,
				9D8A845423B1661500456394 /* WeatherView.m in Sources */,
				9DE4166121B48A9B00B09DB0 /* WeatherHeaderView.m in Sources */,
				9D50920E21A71A45005A30AB /* WeatherViewController.m in Sources */,
				9DF4AC1A21A9EE4E006A0BBF /* CurrentWeather.m in Sources */,
				9DF46F2B2328F4080002553B /* NSValue+AnimBackgroundData.m in Sources */,
				9DA5702821B5969100CF6FC3 /* WeatherBackgroundPresets.m in Sources */,
				9D50921921A71A47005A30AB /* main.m in Sources */,
				9D50924521A71D9B005A30AB /* SQLManager.m in Sources */,
				9D50920B21A71A45005A30AB /* AppDelegate.m in Sources */,
				9DD95E6A21A8A9AF006CF255 /* WeatherData.m in Sources */,
				9D8A845123B163D700456394 /* UIView+WeatherViewCategory.m in Sources */,
				9D50924A21A72601005A30AB /* DBManager.m in Sources */,
				9D503A4D232295E600954139 /* WeatherPageViewController.m in Sources */,
				9D4F8D7D21B14838007254A5 /* AnimatedBackground.m in Sources */,
				9D10BC4F21B91252001A2E7C /* WeatherAppModel.m in Sources */,
				9DF4AC2021A9F471006A0BBF /* CityWeather.m in Sources */,
				9DFDC4362322E91A00F1D09D /* WeatherAverageView.m in Sources */,
			);
			runOnlyForDeploymentPostprocessing = 0;
		};
		9D50921A21A71A47005A30AB /* Sources */ = {
			isa = PBXSourcesBuildPhase;
			buildActionMask = 2147483647;
			files = (
				9D50922321A71A47005A30AB /* WeatherAppTests.m in Sources */,
			);
			runOnlyForDeploymentPostprocessing = 0;
		};
		9D50922521A71A47005A30AB /* Sources */ = {
			isa = PBXSourcesBuildPhase;
			buildActionMask = 2147483647;
			files = (
				9D50922E21A71A47005A30AB /* WeatherAppUITests.m in Sources */,
			);
			runOnlyForDeploymentPostprocessing = 0;
		};
/* End PBXSourcesBuildPhase section */

/* Begin PBXTargetDependency section */
		9D50922021A71A47005A30AB /* PBXTargetDependency */ = {
			isa = PBXTargetDependency;
			target = 9D50920521A71A45005A30AB /* WeatherApp */;
			targetProxy = 9D50921F21A71A47005A30AB /* PBXContainerItemProxy */;
		};
		9D50922B21A71A47005A30AB /* PBXTargetDependency */ = {
			isa = PBXTargetDependency;
			target = 9D50920521A71A45005A30AB /* WeatherApp */;
			targetProxy = 9D50922A21A71A47005A30AB /* PBXContainerItemProxy */;
		};
/* End PBXTargetDependency section */

/* Begin PBXVariantGroup section */
		9D50920F21A71A45005A30AB /* Main.storyboard */ = {
			isa = PBXVariantGroup;
			children = (
				9D10BC4721B91229001A2E7C /* Base */,
				9D10BC5021B91269001A2E7C /* it */,
			);
			name = Main.storyboard;
			sourceTree = "<group>";
		};
		9D50921421A71A47005A30AB /* LaunchScreen.storyboard */ = {
			isa = PBXVariantGroup;
			children = (
				9D10BC4821B91229001A2E7C /* Base */,
				9D10BC5121B91269001A2E7C /* it */,
			);
			name = LaunchScreen.storyboard;
			sourceTree = "<group>";
		};
/* End PBXVariantGroup section */

/* Begin XCBuildConfiguration section */
		9D50923021A71A47005A30AB /* Debug */ = {
			isa = XCBuildConfiguration;
			buildSettings = {
				ALWAYS_SEARCH_USER_PATHS = NO;
				CLANG_ANALYZER_LOCALIZABILITY_NONLOCALIZED = YES;
				CLANG_ANALYZER_NONNULL = YES;
				CLANG_ANALYZER_NUMBER_OBJECT_CONVERSION = YES_AGGRESSIVE;
				CLANG_CXX_LANGUAGE_STANDARD = "gnu++14";
				CLANG_CXX_LIBRARY = "libc++";
				CLANG_ENABLE_MODULES = YES;
				CLANG_ENABLE_OBJC_ARC = YES;
				CLANG_ENABLE_OBJC_WEAK = YES;
				CLANG_WARN_BLOCK_CAPTURE_AUTORELEASING = YES;
				CLANG_WARN_BOOL_CONVERSION = YES;
				CLANG_WARN_COMMA = YES;
				CLANG_WARN_CONSTANT_CONVERSION = YES;
				CLANG_WARN_DEPRECATED_OBJC_IMPLEMENTATIONS = YES;
				CLANG_WARN_DIRECT_OBJC_ISA_USAGE = YES_ERROR;
				CLANG_WARN_DOCUMENTATION_COMMENTS = YES;
				CLANG_WARN_EMPTY_BODY = YES;
				CLANG_WARN_ENUM_CONVERSION = YES;
				CLANG_WARN_INFINITE_RECURSION = YES;
				CLANG_WARN_INT_CONVERSION = YES;
				CLANG_WARN_NON_LITERAL_NULL_CONVERSION = YES;
				CLANG_WARN_OBJC_IMPLICIT_RETAIN_SELF = YES;
				CLANG_WARN_OBJC_LITERAL_CONVERSION = YES;
				CLANG_WARN_OBJC_ROOT_CLASS = YES_ERROR;
				CLANG_WARN_RANGE_LOOP_ANALYSIS = YES;
				CLANG_WARN_STRICT_PROTOTYPES = YES;
				CLANG_WARN_SUSPICIOUS_MOVE = YES;
				CLANG_WARN_UNGUARDED_AVAILABILITY = YES_AGGRESSIVE;
				CLANG_WARN_UNREACHABLE_CODE = YES;
				CLANG_WARN__DUPLICATE_METHOD_MATCH = YES;
				CODE_SIGN_IDENTITY = "iPhone Developer";
				COPY_PHASE_STRIP = NO;
				DEBUG_INFORMATION_FORMAT = dwarf;
				ENABLE_STRICT_OBJC_MSGSEND = YES;
				ENABLE_TESTABILITY = YES;
				GCC_C_LANGUAGE_STANDARD = gnu11;
				GCC_DYNAMIC_NO_PIC = NO;
				GCC_NO_COMMON_BLOCKS = YES;
				GCC_OPTIMIZATION_LEVEL = 0;
				GCC_PREPROCESSOR_DEFINITIONS = (
					"DEBUG=1",
					"$(inherited)",
				);
				GCC_WARN_64_TO_32_BIT_CONVERSION = YES;
				GCC_WARN_ABOUT_RETURN_TYPE = YES_ERROR;
				GCC_WARN_UNDECLARED_SELECTOR = YES;
				GCC_WARN_UNINITIALIZED_AUTOS = YES_AGGRESSIVE;
				GCC_WARN_UNUSED_FUNCTION = YES;
				GCC_WARN_UNUSED_VARIABLE = YES;
				IPHONEOS_DEPLOYMENT_TARGET = 12.1;
				MTL_ENABLE_DEBUG_INFO = INCLUDE_SOURCE;
				MTL_FAST_MATH = YES;
				ONLY_ACTIVE_ARCH = YES;
				SDKROOT = iphoneos;
			};
			name = Debug;
		};
		9D50923121A71A47005A30AB /* Release */ = {
			isa = XCBuildConfiguration;
			buildSettings = {
				ALWAYS_SEARCH_USER_PATHS = NO;
				CLANG_ANALYZER_LOCALIZABILITY_NONLOCALIZED = YES;
				CLANG_ANALYZER_NONNULL = YES;
				CLANG_ANALYZER_NUMBER_OBJECT_CONVERSION = YES_AGGRESSIVE;
				CLANG_CXX_LANGUAGE_STANDARD = "gnu++14";
				CLANG_CXX_LIBRARY = "libc++";
				CLANG_ENABLE_MODULES = YES;
				CLANG_ENABLE_OBJC_ARC = YES;
				CLANG_ENABLE_OBJC_WEAK = YES;
				CLANG_WARN_BLOCK_CAPTURE_AUTORELEASING = YES;
				CLANG_WARN_BOOL_CONVERSION = YES;
				CLANG_WARN_COMMA = YES;
				CLANG_WARN_CONSTANT_CONVERSION = YES;
				CLANG_WARN_DEPRECATED_OBJC_IMPLEMENTATIONS = YES;
				CLANG_WARN_DIRECT_OBJC_ISA_USAGE = YES_ERROR;
				CLANG_WARN_DOCUMENTATION_COMMENTS = YES;
				CLANG_WARN_EMPTY_BODY = YES;
				CLANG_WARN_ENUM_CONVERSION = YES;
				CLANG_WARN_INFINITE_RECURSION = YES;
				CLANG_WARN_INT_CONVERSION = YES;
				CLANG_WARN_NON_LITERAL_NULL_CONVERSION = YES;
				CLANG_WARN_OBJC_IMPLICIT_RETAIN_SELF = YES;
				CLANG_WARN_OBJC_LITERAL_CONVERSION = YES;
				CLANG_WARN_OBJC_ROOT_CLASS = YES_ERROR;
				CLANG_WARN_RANGE_LOOP_ANALYSIS = YES;
				CLANG_WARN_STRICT_PROTOTYPES = YES;
				CLANG_WARN_SUSPICIOUS_MOVE = YES;
				CLANG_WARN_UNGUARDED_AVAILABILITY = YES_AGGRESSIVE;
				CLANG_WARN_UNREACHABLE_CODE = YES;
				CLANG_WARN__DUPLICATE_METHOD_MATCH = YES;
				CODE_SIGN_IDENTITY = "iPhone Developer";
				COPY_PHASE_STRIP = NO;
				DEBUG_INFORMATION_FORMAT = "dwarf-with-dsym";
				ENABLE_NS_ASSERTIONS = NO;
				ENABLE_STRICT_OBJC_MSGSEND = YES;
				GCC_C_LANGUAGE_STANDARD = gnu11;
				GCC_NO_COMMON_BLOCKS = YES;
				GCC_WARN_64_TO_32_BIT_CONVERSION = YES;
				GCC_WARN_ABOUT_RETURN_TYPE = YES_ERROR;
				GCC_WARN_UNDECLARED_SELECTOR = YES;
				GCC_WARN_UNINITIALIZED_AUTOS = YES_AGGRESSIVE;
				GCC_WARN_UNUSED_FUNCTION = YES;
				GCC_WARN_UNUSED_VARIABLE = YES;
				IPHONEOS_DEPLOYMENT_TARGET = 12.1;
				MTL_ENABLE_DEBUG_INFO = NO;
				MTL_FAST_MATH = YES;
				SDKROOT = iphoneos;
				VALIDATE_PRODUCT = YES;
			};
			name = Release;
		};
		9D50923321A71A47005A30AB /* Debug */ = {
			isa = XCBuildConfiguration;
			baseConfigurationReference = 839F89C0A3FF42B49C53F30D /* Pods-WeatherApp.debug.xcconfig */;
			buildSettings = {
				ASSETCATALOG_COMPILER_APPICON_NAME = AppIcon;
				CODE_SIGN_STYLE = Automatic;
				INFOPLIST_FILE = WeatherApp/Info.plist;
				LD_RUNPATH_SEARCH_PATHS = (
					"$(inherited)",
					"@executable_path/Frameworks",
				);
				PRODUCT_BUNDLE_IDENTIFIER = luca.faggion.WeatherApp;
				PRODUCT_NAME = "$(TARGET_NAME)";
				TARGETED_DEVICE_FAMILY = "1,2";
			};
			name = Debug;
		};
		9D50923421A71A47005A30AB /* Release */ = {
			isa = XCBuildConfiguration;
			baseConfigurationReference = BB98A39F3E063F8E4A36008A /* Pods-WeatherApp.release.xcconfig */;
			buildSettings = {
				ASSETCATALOG_COMPILER_APPICON_NAME = AppIcon;
				CODE_SIGN_STYLE = Automatic;
				INFOPLIST_FILE = WeatherApp/Info.plist;
				LD_RUNPATH_SEARCH_PATHS = (
					"$(inherited)",
					"@executable_path/Frameworks",
				);
				PRODUCT_BUNDLE_IDENTIFIER = luca.faggion.WeatherApp;
				PRODUCT_NAME = "$(TARGET_NAME)";
				TARGETED_DEVICE_FAMILY = "1,2";
			};
			name = Release;
		};
		9D50923621A71A47005A30AB /* Debug */ = {
			isa = XCBuildConfiguration;
			baseConfigurationReference = FBAFC281B5D60597D047ACEB /* Pods-WeatherAppTests.debug.xcconfig */;
			buildSettings = {
				BUNDLE_LOADER = "$(TEST_HOST)";
				CODE_SIGN_STYLE = Automatic;
				INFOPLIST_FILE = WeatherAppTests/Info.plist;
				LD_RUNPATH_SEARCH_PATHS = (
					"$(inherited)",
					"@executable_path/Frameworks",
					"@loader_path/Frameworks",
				);
				PRODUCT_BUNDLE_IDENTIFIER = luca.faggion.WeatherAppTests;
				PRODUCT_NAME = "$(TARGET_NAME)";
				TARGETED_DEVICE_FAMILY = "1,2";
				TEST_HOST = "$(BUILT_PRODUCTS_DIR)/WeatherApp.app/WeatherApp";
			};
			name = Debug;
		};
		9D50923721A71A47005A30AB /* Release */ = {
			isa = XCBuildConfiguration;
			baseConfigurationReference = 39B5B90D7256A2FC70845286 /* Pods-WeatherAppTests.release.xcconfig */;
			buildSettings = {
				BUNDLE_LOADER = "$(TEST_HOST)";
				CODE_SIGN_STYLE = Automatic;
				INFOPLIST_FILE = WeatherAppTests/Info.plist;
				LD_RUNPATH_SEARCH_PATHS = (
					"$(inherited)",
					"@executable_path/Frameworks",
					"@loader_path/Frameworks",
				);
				PRODUCT_BUNDLE_IDENTIFIER = luca.faggion.WeatherAppTests;
				PRODUCT_NAME = "$(TARGET_NAME)";
				TARGETED_DEVICE_FAMILY = "1,2";
				TEST_HOST = "$(BUILT_PRODUCTS_DIR)/WeatherApp.app/WeatherApp";
			};
			name = Release;
		};
		9D50923921A71A47005A30AB /* Debug */ = {
			isa = XCBuildConfiguration;
			baseConfigurationReference = 6AB9369E747F17F5AE44D15B /* Pods-WeatherAppUITests.debug.xcconfig */;
			buildSettings = {
				CODE_SIGN_STYLE = Automatic;
				INFOPLIST_FILE = WeatherAppUITests/Info.plist;
				LD_RUNPATH_SEARCH_PATHS = (
					"$(inherited)",
					"@executable_path/Frameworks",
					"@loader_path/Frameworks",
				);
				PRODUCT_BUNDLE_IDENTIFIER = luca.faggion.WeatherAppUITests;
				PRODUCT_NAME = "$(TARGET_NAME)";
				TARGETED_DEVICE_FAMILY = "1,2";
				TEST_TARGET_NAME = WeatherApp;
			};
			name = Debug;
		};
		9D50923A21A71A47005A30AB /* Release */ = {
			isa = XCBuildConfiguration;
			baseConfigurationReference = 3B014E44616D1D20413DC49B /* Pods-WeatherAppUITests.release.xcconfig */;
			buildSettings = {
				CODE_SIGN_STYLE = Automatic;
				INFOPLIST_FILE = WeatherAppUITests/Info.plist;
				LD_RUNPATH_SEARCH_PATHS = (
					"$(inherited)",
					"@executable_path/Frameworks",
					"@loader_path/Frameworks",
				);
				PRODUCT_BUNDLE_IDENTIFIER = luca.faggion.WeatherAppUITests;
				PRODUCT_NAME = "$(TARGET_NAME)";
				TARGETED_DEVICE_FAMILY = "1,2";
				TEST_TARGET_NAME = WeatherApp;
			};
			name = Release;
		};
/* End XCBuildConfiguration section */

/* Begin XCConfigurationList section */
		9D50920121A71A45005A30AB /* Build configuration list for PBXProject "WeatherApp" */ = {
			isa = XCConfigurationList;
			buildConfigurations = (
				9D50923021A71A47005A30AB /* Debug */,
				9D50923121A71A47005A30AB /* Release */,
			);
			defaultConfigurationIsVisible = 0;
			defaultConfigurationName = Release;
		};
		9D50923221A71A47005A30AB /* Build configuration list for PBXNativeTarget "WeatherApp" */ = {
			isa = XCConfigurationList;
			buildConfigurations = (
				9D50923321A71A47005A30AB /* Debug */,
				9D50923421A71A47005A30AB /* Release */,
			);
			defaultConfigurationIsVisible = 0;
			defaultConfigurationName = Release;
		};
		9D50923521A71A47005A30AB /* Build configuration list for PBXNativeTarget "WeatherAppTests" */ = {
			isa = XCConfigurationList;
			buildConfigurations = (
				9D50923621A71A47005A30AB /* Debug */,
				9D50923721A71A47005A30AB /* Release */,
			);
			defaultConfigurationIsVisible = 0;
			defaultConfigurationName = Release;
		};
		9D50923821A71A47005A30AB /* Build configuration list for PBXNativeTarget "WeatherAppUITests" */ = {
			isa = XCConfigurationList;
			buildConfigurations = (
				9D50923921A71A47005A30AB /* Debug */,
				9D50923A21A71A47005A30AB /* Release */,
			);
			defaultConfigurationIsVisible = 0;
			defaultConfigurationName = Release;
		};
/* End XCConfigurationList section */
	};
	rootObject = 9D5091FE21A71A45005A30AB /* Project object */;
}
